
Microsoft Visual Studio Solution File, Format Version 12.00
# Visual Studio Version 17
VisualStudioVersion = 17.14.36518.9 d17.14
MinimumVisualStudioVersion = 10.0.40219.1
Project("{FAE04EC0-301F-11D3-BF4B-00C04F79EFBC}") = "Model_1", "Model_1.csproj", "{1AEAEFE1-2410-407B-BCA8-83736B657AC2}"
EndProject
Global
	GlobalSection(SolutionConfigurationPlatforms) = preSolution
		Debug|Any CPU = Debug|Any CPU
		Release|Any CPU = Release|Any CPU
	EndGlobalSection
	GlobalSection(ProjectConfigurationPlatforms) = postSolution
		{1AEAEFE1-2410-407B-BCA8-83736B657AC2}.Debug|Any CPU.ActiveCfg = Debug|Any CPU
		{1AEAEFE1-2410-407B-BCA8-83736B657AC2}.Debug|Any CPU.Build.0 = Debug|Any CPU
		{1AEAEFE1-2410-407B-BCA8-83736B657AC2}.Release|Any CPU.ActiveCfg = Release|Any CPU
		{1AEAEFE1-2410-407B-BCA8-83736B657AC2}.Release|Any CPU.Build.0 = Release|Any CPU
	EndGlobalSection
	GlobalSection(SolutionProperties) = preSolution
		HideSolutionNode = FALSE
	EndGlobalSection
	GlobalSection(ExtensibilityGlobals) = postSolution
		SolutionGuid = {20A7405B-EFB8-4165-9E49-78FC84339CCC}
	EndGlobalSection
EndGlobal
